
Microsoft Visual Studio Solution File, Format Version 12.00
# Visual Studio Version 16
VisualStudioVersion = 16.0.31515.178
MinimumVisualStudioVersion = 10.0.40219.1
Project("{9A19103F-16F7-4668-BE54-9A1E7A4F7556}") = "SpreetailWorkSample", "SpreetailWorkSample\SpreetailWorkSample.csproj", "{4A3749AC-CE89-4715-A3CB-F9BA28C17956}"
EndProject
Project("{FAE04EC0-301F-11D3-BF4B-00C04F79EFBC}") = "SpreetailWorkSample.Tests", "SpreetailWorkSample.Tests\SpreetailWorkSample.Tests.csproj", "{6ACA90FB-4640-4149-A603-5E1A374553BD}"
EndProject
Global
	GlobalSection(SolutionConfigurationPlatforms) = preSolution
		Debug|Any CPU = Debug|Any CPU
		Release|Any CPU = Release|Any CPU
	EndGlobalSection
	GlobalSection(ProjectConfigurationPlatforms) = postSolution
		{4A3749AC-CE89-4715-A3CB-F9BA28C17956}.Debug|Any CPU.ActiveCfg = Debug|Any CPU
		{4A3749AC-CE89-4715-A3CB-F9BA28C17956}.Debug|Any CPU.Build.0 = Debug|Any CPU
		{4A3749AC-CE89-4715-A3CB-F9BA28C17956}.Release|Any CPU.ActiveCfg = Release|Any CPU
		{4A3749AC-CE89-4715-A3CB-F9BA28C17956}.Release|Any CPU.Build.0 = Release|Any CPU
		{6ACA90FB-4640-4149-A603-5E1A374553BD}.Debug|Any CPU.ActiveCfg = Debug|Any CPU
		{6ACA90FB-4640-4149-A603-5E1A374553BD}.Debug|Any CPU.Build.0 = Debug|Any CPU
		{6ACA90FB-4640-4149-A603-5E1A374553BD}.Release|Any CPU.ActiveCfg = Release|Any CPU
		{6ACA90FB-4640-4149-A603-5E1A374553BD}.Release|Any CPU.Build.0 = Release|Any CPU
	EndGlobalSection
	GlobalSection(SolutionProperties) = preSolution
		HideSolutionNode = FALSE
	EndGlobalSection
	GlobalSection(ExtensibilityGlobals) = postSolution
		SolutionGuid = {544FBDE3-28FF-470B-9573-57A3E5078681}
	EndGlobalSection
EndGlobal
